
Microsoft Visual Studio Solution File, Format Version 12.00
# Visual Studio 15
Project("{FAE04EC0-301F-11D3-BF4B-00C04F79EFBC}") = "Assembly-CSharp", "Assembly-CSharp.csproj", "{76C6E1F5-46D4-24E1-105C-FC4C05C5B359}"
EndProject
Project("{FAE04EC0-301F-11D3-BF4B-00C04F79EFBC}") = "Assembly-CSharp-Editor", "Assembly-CSharp-Editor.csproj", "{27BD375C-AED3-253F-F533-E33C56A4B20E}"
EndProject
Global
	GlobalSection(SolutionConfigurationPlatforms) = preSolution
		Debug|Any CPU = Debug|Any CPU
		Release|Any CPU = Release|Any CPU
	EndGlobalSection
	GlobalSection(ProjectConfigurationPlatforms) = postSolution
		{76C6E1F5-46D4-24E1-105C-FC4C05C5B359}.Debug|Any CPU.ActiveCfg = Debug|Any CPU
		{76C6E1F5-46D4-24E1-105C-FC4C05C5B359}.Debug|Any CPU.Build.0 = Debug|Any CPU
		{76C6E1F5-46D4-24E1-105C-FC4C05C5B359}.Release|Any CPU.ActiveCfg = Release|Any CPU
		{76C6E1F5-46D4-24E1-105C-FC4C05C5B359}.Release|Any CPU.Build.0 = Release|Any CPU
		{27BD375C-AED3-253F-F533-E33C56A4B20E}.Debug|Any CPU.ActiveCfg = Debug|Any CPU
		{27BD375C-AED3-253F-F533-E33C56A4B20E}.Debug|Any CPU.Build.0 = Debug|Any CPU
		{27BD375C-AED3-253F-F533-E33C56A4B20E}.Release|Any CPU.ActiveCfg = Release|Any CPU
		{27BD375C-AED3-253F-F533-E33C56A4B20E}.Release|Any CPU.Build.0 = Release|Any CPU
	EndGlobalSection
	GlobalSection(SolutionProperties) = preSolution
		HideSolutionNode = FALSE
	EndGlobalSection
EndGlobal
